
Microsoft Visual Studio Solution File, Format Version 12.00
# Visual Studio Version 16
VisualStudioVersion = 16.0.29215.179
MinimumVisualStudioVersion = 10.0.40219.1
Project("{9A19103F-16F7-4668-BE54-9A1E7A4F7556}") = "MyMoney.Common", "MyMoney.Common\MyMoney.Common.csproj", "{5ADB7152-5662-48ED-8BA0-CB4490E6894B}"
EndProject
Project("{FAE04EC0-301F-11D3-BF4B-00C04F79EFBC}") = "MyMoney.Android", "MyMoney.Android\MyMoney.Android.csproj", "{3C491ED0-B705-40EB-9E3A-8562455F1471}"
EndProject
Project("{FAE04EC0-301F-11D3-BF4B-00C04F79EFBC}") = "MyMoney.iOS", "MyMoney.iOS\MyMoney.iOS.csproj", "{2E2FC28D-8B0B-40B6-92B5-CF821F864D28}"
EndProject
Project("{9A19103F-16F7-4668-BE54-9A1E7A4F7556}") = "MyMoney.Client", "MyMoney.Client\MyMoney.Client.csproj", "{8F7BE444-6AEB-4B0D-BC27-6B19A85E93D4}"
EndProject
Project("{9A19103F-16F7-4668-BE54-9A1E7A4F7556}") = "MyMoney.Core", "MyMoney.Core\MyMoney.Core.csproj", "{91A5C579-65C3-4261-B769-9DFBD96FC94F}"
EndProject
Project("{9A19103F-16F7-4668-BE54-9A1E7A4F7556}") = "MyMoney.Core.Tests", "MyMoney.Core.Tests\MyMoney.Core.Tests.csproj", "{95022A3D-BD35-427F-B048-CA2C4C45ADA1}"
EndProject
Project("{9A19103F-16F7-4668-BE54-9A1E7A4F7556}") = "MyMoney.Infrastructure", "MyMoney.Infrastructure\MyMoney.Infrastructure.csproj", "{24D2D80F-F4F1-4E99-8142-E2D5F0440F91}"
EndProject
Project("{9A19103F-16F7-4668-BE54-9A1E7A4F7556}") = "MyMoney.API", "MyMoney.API\MyMoney.API.csproj", "{915F2C77-967E-4E88-9228-448518C86E50}"
EndProject
Global
	GlobalSection(SolutionConfigurationPlatforms) = preSolution
		Debug|Any CPU = Debug|Any CPU
		Debug|iPhone = Debug|iPhone
		Debug|iPhoneSimulator = Debug|iPhoneSimulator
		Release|Any CPU = Release|Any CPU
		Release|iPhone = Release|iPhone
		Release|iPhoneSimulator = Release|iPhoneSimulator
	EndGlobalSection
	GlobalSection(ProjectConfigurationPlatforms) = postSolution
		{5ADB7152-5662-48ED-8BA0-CB4490E6894B}.Debug|Any CPU.ActiveCfg = Debug|Any CPU
		{5ADB7152-5662-48ED-8BA0-CB4490E6894B}.Debug|Any CPU.Build.0 = Debug|Any CPU
		{5ADB7152-5662-48ED-8BA0-CB4490E6894B}.Debug|iPhone.ActiveCfg = Debug|Any CPU
		{5ADB7152-5662-48ED-8BA0-CB4490E6894B}.Debug|iPhone.Build.0 = Debug|Any CPU
		{5ADB7152-5662-48ED-8BA0-CB4490E6894B}.Debug|iPhoneSimulator.ActiveCfg = Debug|Any CPU
		{5ADB7152-5662-48ED-8BA0-CB4490E6894B}.Debug|iPhoneSimulator.Build.0 = Debug|Any CPU
		{5ADB7152-5662-48ED-8BA0-CB4490E6894B}.Release|Any CPU.ActiveCfg = Release|Any CPU
		{5ADB7152-5662-48ED-8BA0-CB4490E6894B}.Release|Any CPU.Build.0 = Release|Any CPU
		{5ADB7152-5662-48ED-8BA0-CB4490E6894B}.Release|iPhone.ActiveCfg = Release|Any CPU
		{5ADB7152-5662-48ED-8BA0-CB4490E6894B}.Release|iPhone.Build.0 = Release|Any CPU
		{5ADB7152-5662-48ED-8BA0-CB4490E6894B}.Release|iPhoneSimulator.ActiveCfg = Release|Any CPU
		{5ADB7152-5662-48ED-8BA0-CB4490E6894B}.Release|iPhoneSimulator.Build.0 = Release|Any CPU
		{3C491ED0-B705-40EB-9E3A-8562455F1471}.Debug|Any CPU.ActiveCfg = Debug|Any CPU
		{3C491ED0-B705-40EB-9E3A-8562455F1471}.Debug|Any CPU.Build.0 = Debug|Any CPU
		{3C491ED0-B705-40EB-9E3A-8562455F1471}.Debug|Any CPU.Deploy.0 = Debug|Any CPU
		{3C491ED0-B705-40EB-9E3A-8562455F1471}.Debug|iPhone.ActiveCfg = Debug|Any CPU
		{3C491ED0-B705-40EB-9E3A-8562455F1471}.Debug|iPhone.Build.0 = Debug|Any CPU
		{3C491ED0-B705-40EB-9E3A-8562455F1471}.Debug|iPhone.Deploy.0 = Debug|Any CPU
		{3C491ED0-B705-40EB-9E3A-8562455F1471}.Debug|iPhoneSimulator.ActiveCfg = Debug|Any CPU
		{3C491ED0-B705-40EB-9E3A-8562455F1471}.Debug|iPhoneSimulator.Build.0 = Debug|Any CPU
		{3C491ED0-B705-40EB-9E3A-8562455F1471}.Debug|iPhoneSimulator.Deploy.0 = Debug|Any CPU
		{3C491ED0-B705-40EB-9E3A-8562455F1471}.Release|Any CPU.ActiveCfg = Release|Any CPU
		{3C491ED0-B705-40EB-9E3A-8562455F1471}.Release|Any CPU.Build.0 = Release|Any CPU
		{3C491ED0-B705-40EB-9E3A-8562455F1471}.Release|Any CPU.Deploy.0 = Release|Any CPU
		{3C491ED0-B705-40EB-9E3A-8562455F1471}.Release|iPhone.ActiveCfg = Release|Any CPU
		{3C491ED0-B705-40EB-9E3A-8562455F1471}.Release|iPhone.Build.0 = Release|Any CPU
		{3C491ED0-B705-40EB-9E3A-8562455F1471}.Release|iPhone.Deploy.0 = Release|Any CPU
		{3C491ED0-B705-40EB-9E3A-8562455F1471}.Release|iPhoneSimulator.ActiveCfg = Release|Any CPU
		{3C491ED0-B705-40EB-9E3A-8562455F1471}.Release|iPhoneSimulator.Build.0 = Release|Any CPU
		{3C491ED0-B705-40EB-9E3A-8562455F1471}.Release|iPhoneSimulator.Deploy.0 = Release|Any CPU
		{2E2FC28D-8B0B-40B6-92B5-CF821F864D28}.Debug|Any CPU.ActiveCfg = Debug|iPhone
		{2E2FC28D-8B0B-40B6-92B5-CF821F864D28}.Debug|iPhone.ActiveCfg = Debug|iPhone
		{2E2FC28D-8B0B-40B6-92B5-CF821F864D28}.Debug|iPhone.Build.0 = Debug|iPhone
		{2E2FC28D-8B0B-40B6-92B5-CF821F864D28}.Debug|iPhoneSimulator.ActiveCfg = Debug|iPhoneSimulator
		{2E2FC28D-8B0B-40B6-92B5-CF821F864D28}.Debug|iPhoneSimulator.Build.0 = Debug|iPhoneSimulator
		{2E2FC28D-8B0B-40B6-92B5-CF821F864D28}.Release|Any CPU.ActiveCfg = Release|iPhone
		{2E2FC28D-8B0B-40B6-92B5-CF821F864D28}.Release|iPhone.ActiveCfg = Release|iPhone
		{2E2FC28D-8B0B-40B6-92B5-CF821F864D28}.Release|iPhone.Build.0 = Release|iPhone
		{2E2FC28D-8B0B-40B6-92B5-CF821F864D28}.Release|iPhoneSimulator.ActiveCfg = Release|iPhoneSimulator
		{2E2FC28D-8B0B-40B6-92B5-CF821F864D28}.Release|iPhoneSimulator.Build.0 = Release|iPhoneSimulator
		{8F7BE444-6AEB-4B0D-BC27-6B19A85E93D4}.Debug|Any CPU.ActiveCfg = Debug|Any CPU
		{8F7BE444-6AEB-4B0D-BC27-6B19A85E93D4}.Debug|Any CPU.Build.0 = Debug|Any CPU
		{8F7BE444-6AEB-4B0D-BC27-6B19A85E93D4}.Debug|iPhone.ActiveCfg = Debug|Any CPU
		{8F7BE444-6AEB-4B0D-BC27-6B19A85E93D4}.Debug|iPhone.Build.0 = Debug|Any CPU
		{8F7BE444-6AEB-4B0D-BC27-6B19A85E93D4}.Debug|iPhoneSimulator.ActiveCfg = Debug|Any CPU
		{8F7BE444-6AEB-4B0D-BC27-6B19A85E93D4}.Debug|iPhoneSimulator.Build.0 = Debug|Any CPU
		{8F7BE444-6AEB-4B0D-BC27-6B19A85E93D4}.Release|Any CPU.ActiveCfg = Release|Any CPU
		{8F7BE444-6AEB-4B0D-BC27-6B19A85E93D4}.Release|Any CPU.Build.0 = Release|Any CPU
		{8F7BE444-6AEB-4B0D-BC27-6B19A85E93D4}.Release|iPhone.ActiveCfg = Release|Any CPU
		{8F7BE444-6AEB-4B0D-BC27-6B19A85E93D4}.Release|iPhone.Build.0 = Release|Any CPU
		{8F7BE444-6AEB-4B0D-BC27-6B19A85E93D4}.Release|iPhoneSimulator.ActiveCfg = Release|Any CPU
		{8F7BE444-6AEB-4B0D-BC27-6B19A85E93D4}.Release|iPhoneSimulator.Build.0 = Release|Any CPU
		{91A5C579-65C3-4261-B769-9DFBD96FC94F}.Debug|Any CPU.ActiveCfg = Debug|Any CPU
		{91A5C579-65C3-4261-B769-9DFBD96FC94F}.Debug|Any CPU.Build.0 = Debug|Any CPU
		{91A5C579-65C3-4261-B769-9DFBD96FC94F}.Debug|iPhone.ActiveCfg = Debug|Any CPU
		{91A5C579-65C3-4261-B769-9DFBD96FC94F}.Debug|iPhone.Build.0 = Debug|Any CPU
		{91A5C579-65C3-4261-B769-9DFBD96FC94F}.Debug|iPhoneSimulator.ActiveCfg = Debug|Any CPU
		{91A5C579-65C3-4261-B769-9DFBD96FC94F}.Debug|iPhoneSimulator.Build.0 = Debug|Any CPU
		{91A5C579-65C3-4261-B769-9DFBD96FC94F}.Release|Any CPU.ActiveCfg = Release|Any CPU
		{91A5C579-65C3-4261-B769-9DFBD96FC94F}.Release|Any CPU.Build.0 = Release|Any CPU
		{91A5C579-65C3-4261-B769-9DFBD96FC94F}.Release|iPhone.ActiveCfg = Release|Any CPU
		{91A5C579-65C3-4261-B769-9DFBD96FC94F}.Release|iPhone.Build.0 = Release|Any CPU
		{91A5C579-65C3-4261-B769-9DFBD96FC94F}.Release|iPhoneSimulator.ActiveCfg = Release|Any CPU
		{91A5C579-65C3-4261-B769-9DFBD96FC94F}.Release|iPhoneSimulator.Build.0 = Release|Any CPU
		{95022A3D-BD35-427F-B048-CA2C4C45ADA1}.Debug|Any CPU.ActiveCfg = Debug|Any CPU
		{95022A3D-BD35-427F-B048-CA2C4C45ADA1}.Debug|Any CPU.Build.0 = Debug|Any CPU
		{95022A3D-BD35-427F-B048-CA2C4C45ADA1}.Debug|iPhone.ActiveCfg = Debug|Any CPU
		{95022A3D-BD35-427F-B048-CA2C4C45ADA1}.Debug|iPhone.Build.0 = Debug|Any CPU
		{95022A3D-BD35-427F-B048-CA2C4C45ADA1}.Debug|iPhoneSimulator.ActiveCfg = Debug|Any CPU
		{95022A3D-BD35-427F-B048-CA2C4C45ADA1}.Debug|iPhoneSimulator.Build.0 = Debug|Any CPU
		{95022A3D-BD35-427F-B048-CA2C4C45ADA1}.Release|Any CPU.ActiveCfg = Release|Any CPU
		{95022A3D-BD35-427F-B048-CA2C4C45ADA1}.Release|Any CPU.Build.0 = Release|Any CPU
		{95022A3D-BD35-427F-B048-CA2C4C45ADA1}.Release|iPhone.ActiveCfg = Release|Any CPU
		{95022A3D-BD35-427F-B048-CA2C4C45ADA1}.Release|iPhone.Build.0 = Release|Any CPU
		{95022A3D-BD35-427F-B048-CA2C4C45ADA1}.Release|iPhoneSimulator.ActiveCfg = Release|Any CPU
		{95022A3D-BD35-427F-B048-CA2C4C45ADA1}.Release|iPhoneSimulator.Build.0 = Release|Any CPU
		{24D2D80F-F4F1-4E99-8142-E2D5F0440F91}.Debug|Any CPU.ActiveCfg = Debug|Any CPU
		{24D2D80F-F4F1-4E99-8142-E2D5F0440F91}.Debug|Any CPU.Build.0 = Debug|Any CPU
		{24D2D80F-F4F1-4E99-8142-E2D5F0440F91}.Debug|iPhone.ActiveCfg = Debug|Any CPU
		{24D2D80F-F4F1-4E99-8142-E2D5F0440F91}.Debug|iPhone.Build.0 = Debug|Any CPU
		{24D2D80F-F4F1-4E99-8142-E2D5F0440F91}.Debug|iPhoneSimulator.ActiveCfg = Debug|Any CPU
		{24D2D80F-F4F1-4E99-8142-E2D5F0440F91}.Debug|iPhoneSimulator.Build.0 = Debug|Any CPU
		{24D2D80F-F4F1-4E99-8142-E2D5F0440F91}.Release|Any CPU.ActiveCfg = Release|Any CPU
		{24D2D80F-F4F1-4E99-8142-E2D5F0440F91}.Release|Any CPU.Build.0 = Release|Any CPU
		{24D2D80F-F4F1-4E99-8142-E2D5F0440F91}.Release|iPhone.ActiveCfg = Release|Any CPU
		{24D2D80F-F4F1-4E99-8142-E2D5F0440F91}.Release|iPhone.Build.0 = Release|Any CPU
		{24D2D80F-F4F1-4E99-8142-E2D5F0440F91}.Release|iPhoneSimulator.ActiveCfg = Release|Any CPU
		{24D2D80F-F4F1-4E99-8142-E2D5F0440F91}.Release|iPhoneSimulator.Build.0 = Release|Any CPU
		{915F2C77-967E-4E88-9228-448518C86E50}.Debug|Any CPU.ActiveCfg = Debug|Any CPU
		{915F2C77-967E-4E88-9228-448518C86E50}.Debug|Any CPU.Build.0 = Debug|Any CPU
		{915F2C77-967E-4E88-9228-448518C86E50}.Debug|iPhone.ActiveCfg = Debug|Any CPU
		{915F2C77-967E-4E88-9228-448518C86E50}.Debug|iPhone.Build.0 = Debug|Any CPU
		{915F2C77-967E-4E88-9228-448518C86E50}.Debug|iPhoneSimulator.ActiveCfg = Debug|Any CPU
		{915F2C77-967E-4E88-9228-448518C86E50}.Debug|iPhoneSimulator.Build.0 = Debug|Any CPU
		{915F2C77-967E-4E88-9228-448518C86E50}.Release|Any CPU.ActiveCfg = Release|Any CPU
		{915F2C77-967E-4E88-9228-448518C86E50}.Release|Any CPU.Build.0 = Release|Any CPU
		{915F2C77-967E-4E88-9228-448518C86E50}.Release|iPhone.ActiveCfg = Release|Any CPU
		{915F2C77-967E-4E88-9228-448518C86E50}.Release|iPhone.Build.0 = Release|Any CPU
		{915F2C77-967E-4E88-9228-448518C86E50}.Release|iPhoneSimulator.ActiveCfg = Release|Any CPU
		{915F2C77-967E-4E88-9228-448518C86E50}.Release|iPhoneSimulator.Build.0 = Release|Any CPU
	EndGlobalSection
	GlobalSection(SolutionProperties) = preSolution
		HideSolutionNode = FALSE
	EndGlobalSection
	GlobalSection(ExtensibilityGlobals) = postSolution
		SolutionGuid = {EFF7BD83-55C5-4839-8D25-3233CA61C341}
	EndGlobalSection
EndGlobal
