
Microsoft Visual Studio Solution File, Format Version 12.00
# Visual Studio Version 16
VisualStudioVersion = 16.0.29215.179
MinimumVisualStudioVersion = 10.0.40219.1
Project("{9A19103F-16F7-4668-BE54-9A1E7A4F7556}") = "MyMoney.Infrastructure", "MyMoney.Infrastructure\MyMoney.Infrastructure.csproj", "{0AEB1CE2-E489-42A7-B226-C5663D43F1EC}"
EndProject
Project("{9A19103F-16F7-4668-BE54-9A1E7A4F7556}") = "MyMoney.API", "MyMoney.API\MyMoney.API.csproj", "{B3913F02-AD57-4A26-A742-0AAD1319AEFD}"
EndProject
Project("{9A19103F-16F7-4668-BE54-9A1E7A4F7556}") = "MyMoney.Core", "MyMoney.Core\MyMoney.Core.csproj", "{68DE9D2F-881E-4603-BBC9-FC01E88A0253}"
EndProject
Project("{9A19103F-16F7-4668-BE54-9A1E7A4F7556}") = "MyMoney.Core.Tests", "MyMoney.Core.Tests\MyMoney.Core.Tests.csproj", "{3786BA27-93F7-463A-9FD0-5FF8D35A4D41}"
EndProject
Project("{9A19103F-16F7-4668-BE54-9A1E7A4F7556}") = "MyMoney.Client", "MyMoney.Client\MyMoney.Client.csproj", "{2E13A4DB-DB37-4FFE-BB45-6AEAECA7AC0D}"
EndProject
Global
	GlobalSection(SolutionConfigurationPlatforms) = preSolution
		Debug|Any CPU = Debug|Any CPU
		Debug|iPhone = Debug|iPhone
		Debug|iPhoneSimulator = Debug|iPhoneSimulator
		Release|Any CPU = Release|Any CPU
		Release|iPhone = Release|iPhone
		Release|iPhoneSimulator = Release|iPhoneSimulator
	EndGlobalSection
	GlobalSection(ProjectConfigurationPlatforms) = postSolution
		{0AEB1CE2-E489-42A7-B226-C5663D43F1EC}.Debug|Any CPU.ActiveCfg = Debug|Any CPU
		{0AEB1CE2-E489-42A7-B226-C5663D43F1EC}.Debug|Any CPU.Build.0 = Debug|Any CPU
		{0AEB1CE2-E489-42A7-B226-C5663D43F1EC}.Debug|iPhone.ActiveCfg = Debug|Any CPU
		{0AEB1CE2-E489-42A7-B226-C5663D43F1EC}.Debug|iPhone.Build.0 = Debug|Any CPU
		{0AEB1CE2-E489-42A7-B226-C5663D43F1EC}.Debug|iPhoneSimulator.ActiveCfg = Debug|Any CPU
		{0AEB1CE2-E489-42A7-B226-C5663D43F1EC}.Debug|iPhoneSimulator.Build.0 = Debug|Any CPU
		{0AEB1CE2-E489-42A7-B226-C5663D43F1EC}.Release|Any CPU.ActiveCfg = Release|Any CPU
		{0AEB1CE2-E489-42A7-B226-C5663D43F1EC}.Release|Any CPU.Build.0 = Release|Any CPU
		{0AEB1CE2-E489-42A7-B226-C5663D43F1EC}.Release|iPhone.ActiveCfg = Release|Any CPU
		{0AEB1CE2-E489-42A7-B226-C5663D43F1EC}.Release|iPhone.Build.0 = Release|Any CPU
		{0AEB1CE2-E489-42A7-B226-C5663D43F1EC}.Release|iPhoneSimulator.ActiveCfg = Release|Any CPU
		{0AEB1CE2-E489-42A7-B226-C5663D43F1EC}.Release|iPhoneSimulator.Build.0 = Release|Any CPU
		{B3913F02-AD57-4A26-A742-0AAD1319AEFD}.Debug|Any CPU.ActiveCfg = Debug|Any CPU
		{B3913F02-AD57-4A26-A742-0AAD1319AEFD}.Debug|Any CPU.Build.0 = Debug|Any CPU
		{B3913F02-AD57-4A26-A742-0AAD1319AEFD}.Debug|iPhone.ActiveCfg = Debug|Any CPU
		{B3913F02-AD57-4A26-A742-0AAD1319AEFD}.Debug|iPhone.Build.0 = Debug|Any CPU
		{B3913F02-AD57-4A26-A742-0AAD1319AEFD}.Debug|iPhoneSimulator.ActiveCfg = Debug|Any CPU
		{B3913F02-AD57-4A26-A742-0AAD1319AEFD}.Debug|iPhoneSimulator.Build.0 = Debug|Any CPU
		{B3913F02-AD57-4A26-A742-0AAD1319AEFD}.Release|Any CPU.ActiveCfg = Release|Any CPU
		{B3913F02-AD57-4A26-A742-0AAD1319AEFD}.Release|Any CPU.Build.0 = Release|Any CPU
		{B3913F02-AD57-4A26-A742-0AAD1319AEFD}.Release|iPhone.ActiveCfg = Release|Any CPU
		{B3913F02-AD57-4A26-A742-0AAD1319AEFD}.Release|iPhone.Build.0 = Release|Any CPU
		{B3913F02-AD57-4A26-A742-0AAD1319AEFD}.Release|iPhoneSimulator.ActiveCfg = Release|Any CPU
		{B3913F02-AD57-4A26-A742-0AAD1319AEFD}.Release|iPhoneSimulator.Build.0 = Release|Any CPU
		{68DE9D2F-881E-4603-BBC9-FC01E88A0253}.Debug|Any CPU.ActiveCfg = Debug|Any CPU
		{68DE9D2F-881E-4603-BBC9-FC01E88A0253}.Debug|Any CPU.Build.0 = Debug|Any CPU
		{68DE9D2F-881E-4603-BBC9-FC01E88A0253}.Debug|iPhone.ActiveCfg = Debug|Any CPU
		{68DE9D2F-881E-4603-BBC9-FC01E88A0253}.Debug|iPhone.Build.0 = Debug|Any CPU
		{68DE9D2F-881E-4603-BBC9-FC01E88A0253}.Debug|iPhoneSimulator.ActiveCfg = Debug|Any CPU
		{68DE9D2F-881E-4603-BBC9-FC01E88A0253}.Debug|iPhoneSimulator.Build.0 = Debug|Any CPU
		{68DE9D2F-881E-4603-BBC9-FC01E88A0253}.Release|Any CPU.ActiveCfg = Release|Any CPU
		{68DE9D2F-881E-4603-BBC9-FC01E88A0253}.Release|Any CPU.Build.0 = Release|Any CPU
		{68DE9D2F-881E-4603-BBC9-FC01E88A0253}.Release|iPhone.ActiveCfg = Release|Any CPU
		{68DE9D2F-881E-4603-BBC9-FC01E88A0253}.Release|iPhone.Build.0 = Release|Any CPU
		{68DE9D2F-881E-4603-BBC9-FC01E88A0253}.Release|iPhoneSimulator.ActiveCfg = Release|Any CPU
		{68DE9D2F-881E-4603-BBC9-FC01E88A0253}.Release|iPhoneSimulator.Build.0 = Release|Any CPU
		{3786BA27-93F7-463A-9FD0-5FF8D35A4D41}.Debug|Any CPU.ActiveCfg = Debug|Any CPU
		{3786BA27-93F7-463A-9FD0-5FF8D35A4D41}.Debug|Any CPU.Build.0 = Debug|Any CPU
		{3786BA27-93F7-463A-9FD0-5FF8D35A4D41}.Debug|iPhone.ActiveCfg = Debug|Any CPU
		{3786BA27-93F7-463A-9FD0-5FF8D35A4D41}.Debug|iPhone.Build.0 = Debug|Any CPU
		{3786BA27-93F7-463A-9FD0-5FF8D35A4D41}.Debug|iPhoneSimulator.ActiveCfg = Debug|Any CPU
		{3786BA27-93F7-463A-9FD0-5FF8D35A4D41}.Debug|iPhoneSimulator.Build.0 = Debug|Any CPU
		{3786BA27-93F7-463A-9FD0-5FF8D35A4D41}.Release|Any CPU.ActiveCfg = Release|Any CPU
		{3786BA27-93F7-463A-9FD0-5FF8D35A4D41}.Release|Any CPU.Build.0 = Release|Any CPU
		{3786BA27-93F7-463A-9FD0-5FF8D35A4D41}.Release|iPhone.ActiveCfg = Release|Any CPU
		{3786BA27-93F7-463A-9FD0-5FF8D35A4D41}.Release|iPhone.Build.0 = Release|Any CPU
		{3786BA27-93F7-463A-9FD0-5FF8D35A4D41}.Release|iPhoneSimulator.ActiveCfg = Release|Any CPU
		{3786BA27-93F7-463A-9FD0-5FF8D35A4D41}.Release|iPhoneSimulator.Build.0 = Release|Any CPU
		{2E13A4DB-DB37-4FFE-BB45-6AEAECA7AC0D}.Debug|Any CPU.ActiveCfg = Debug|Any CPU
		{2E13A4DB-DB37-4FFE-BB45-6AEAECA7AC0D}.Debug|Any CPU.Build.0 = Debug|Any CPU
		{2E13A4DB-DB37-4FFE-BB45-6AEAECA7AC0D}.Debug|iPhone.ActiveCfg = Debug|Any CPU
		{2E13A4DB-DB37-4FFE-BB45-6AEAECA7AC0D}.Debug|iPhone.Build.0 = Debug|Any CPU
		{2E13A4DB-DB37-4FFE-BB45-6AEAECA7AC0D}.Debug|iPhoneSimulator.ActiveCfg = Debug|Any CPU
		{2E13A4DB-DB37-4FFE-BB45-6AEAECA7AC0D}.Debug|iPhoneSimulator.Build.0 = Debug|Any CPU
		{2E13A4DB-DB37-4FFE-BB45-6AEAECA7AC0D}.Release|Any CPU.ActiveCfg = Release|Any CPU
		{2E13A4DB-DB37-4FFE-BB45-6AEAECA7AC0D}.Release|Any CPU.Build.0 = Release|Any CPU
		{2E13A4DB-DB37-4FFE-BB45-6AEAECA7AC0D}.Release|iPhone.ActiveCfg = Release|Any CPU
		{2E13A4DB-DB37-4FFE-BB45-6AEAECA7AC0D}.Release|iPhone.Build.0 = Release|Any CPU
		{2E13A4DB-DB37-4FFE-BB45-6AEAECA7AC0D}.Release|iPhoneSimulator.ActiveCfg = Release|Any CPU
		{2E13A4DB-DB37-4FFE-BB45-6AEAECA7AC0D}.Release|iPhoneSimulator.Build.0 = Release|Any CPU
	EndGlobalSection
	GlobalSection(SolutionProperties) = preSolution
		HideSolutionNode = FALSE
	EndGlobalSection
	GlobalSection(ExtensibilityGlobals) = postSolution
		SolutionGuid = {1D8EA453-FE07-4DD4-B64D-CA97E6918B3B}
	EndGlobalSection
EndGlobal
